
Microsoft Visual Studio Solution File, Format Version 12.00
# Visual Studio Version 17
VisualStudioVersion = 17.3.32922.545
MinimumVisualStudioVersion = 10.0.40219.1
Project("{FAE04EC0-301F-11D3-BF4B-00C04F79EFBC}") = "Palm_Laba_5", "Palm_Laba_5\Palm_Laba_5.csproj", "{FC3A5423-433B-4DAD-A0D5-A0F44A86D84C}"
EndProject
Global
	GlobalSection(SolutionConfigurationPlatforms) = preSolution
		Debug|Any CPU = Debug|Any CPU
		Release|Any CPU = Release|Any CPU
	EndGlobalSection
	GlobalSection(ProjectConfigurationPlatforms) = postSolution
		{FC3A5423-433B-4DAD-A0D5-A0F44A86D84C}.Debug|Any CPU.ActiveCfg = Debug|Any CPU
		{FC3A5423-433B-4DAD-A0D5-A0F44A86D84C}.Debug|Any CPU.Build.0 = Debug|Any CPU
		{FC3A5423-433B-4DAD-A0D5-A0F44A86D84C}.Release|Any CPU.ActiveCfg = Release|Any CPU
		{FC3A5423-433B-4DAD-A0D5-A0F44A86D84C}.Release|Any CPU.Build.0 = Release|Any CPU
	EndGlobalSection
	GlobalSection(SolutionProperties) = preSolution
		HideSolutionNode = FALSE
	EndGlobalSection
	GlobalSection(ExtensibilityGlobals) = postSolution
		SolutionGuid = {56EE1C47-D41B-4302-B392-7092FAA5836F}
	EndGlobalSection
EndGlobal
